Microsoft Visual Studio Solution File, Format Version 12.00
# Visual Studio Version 18
VisualStudioVersion = 18.3.11408.92
MinimumVisualStudioVersion = 10.0.40219.1
Project("{2150E333-8FDC-42A3-9474-1A3956D46DE8}") = "src", "src", "{5507CFF8-7791-4C42-B427-2B7C719D0C96}"
EndProject
Project("{2150E333-8FDC-42A3-9474-1A3956D46DE8}") = "Backend", "Backend", "{71E29B1D-265A-466D-8A5F-B91AADD9B13F}"
EndProject
Project("{2150E333-8FDC-42A3-9474-1A3956D46DE8}") = "Frontend", "Frontend", "{31BFF571-33AE-4E0E-9EAC-0A61D77FDAF8}"
EndProject
Project("{2150E333-8FDC-42A3-9474-1A3956D46DE8}") = "Shared", "Shared", "{00BE10FF-B2E8-479E-B127-E4E25CDD1EB3}"
EndProject
Project("{2150E333-8FDC-42A3-9474-1A3956D46DE8}") = "tests", "tests", "{BE976D44-3CBF-4EBA-A5B3-E0BF302BD45C}"
EndProject
Project("{9A19103F-16F7-4668-BE54-9A1E7A4F7556}") = "BeHealthy.Domain", "src\BeHealthy.Domain\BeHealthy.Domain.csproj", "{DCA2A44C-DA03-4E81-B52B-BF99E8221CE3}"
EndProject
Project("{9A19103F-16F7-4668-BE54-9A1E7A4F7556}") = "BeHealthy.Application", "src\BeHealthy.Application\BeHealthy.Application.csproj", "{DCD9C815-314E-4D7B-9425-0FA5C95AFC3E}"
EndProject
Project("{9A19103F-16F7-4668-BE54-9A1E7A4F7556}") = "BeHealthy.Infrastructure", "src\BeHealthy.Infrastructure\BeHealthy.Infrastructure.csproj", "{F6771851-4392-4285-A65F-D19344C26DB5}"
EndProject
Project("{FAE04EC0-301F-11D3-BF4B-00C04F79EFBC}") = "BeHealthy.API", "src\BeHealthy.API\BeHealthy.API.csproj", "{867A0F0F-B280-48EA-B5D2-53C7E808196E}"
EndProject
Project("{FAE04EC0-301F-11D3-BF4B-00C04F79EFBC}") = "BeHealthy.Front", "src\BeHealthy.Front\BeHealthy.Front.csproj", "{8D26F25B-6840-4F21-B18C-B9D649E37ED2}"
EndProject
Project("{9A19103F-16F7-4668-BE54-9A1E7A4F7556}") = "BeHealthy.Shared", "src\BeHealthy.Shared\BeHealthy.Shared.csproj", "{6735CEE5-FEE5-4161-A7D7-B5FCF4BAF65C}"
EndProject
Project("{9A19103F-16F7-4668-BE54-9A1E7A4F7556}") = "BeHealthy.Validation", "src\BeHealthy.Validation\BeHealthy.Validation.csproj", "{7AAC2C71-6709-48C9-8C58-FCEA9555FF4E}"
EndProject
Project("{9A19103F-16F7-4668-BE54-9A1E7A4F7556}") = "BeHealthy.Tests", "tests\BeHealthy.Tests\BeHealthy.Tests.csproj", "{5F4B9824-929E-4E62-91D9-21F035EA1C15}"
EndProject
Project("{2150E333-8FDC-42A3-9474-1A3956D46DE8}") = "Solution Items", "Solution Items", "{3B8E2F1A-6C4D-4E7B-9A21-5D0F8C7E4B13}"
	ProjectSection(SolutionItems) = preProject
		.editorconfig = .editorconfig
		.gitignore = .gitignore
		Directory.Build.props = Directory.Build.props
		dotnet-tools.json = dotnet-tools.json
		README.md = README.md
		STYLE_RULES.md = STYLE_RULES.md
		CLI_COMMANDS.md = CLI_COMMANDS.md
		KNOWN_ISSUES.md = KNOWN_ISSUES.md
		CODE_REVIEW.md = CODE_REVIEW.md
		VALIDATION.md = VALIDATION.md
	EndProjectSection
EndProject
Global
	GlobalSection(SolutionConfigurationPlatforms) = preSolution
		Debug|Any CPU = Debug|Any CPU
		Debug|x64 = Debug|x64
		Debug|x86 = Debug|x86
		Release|Any CPU = Release|Any CPU
		Release|x64 = Release|x64
		Release|x86 = Release|x86
	EndGlobalSection
	GlobalSection(ProjectConfigurationPlatforms) = postSolution
		{DCA2A44C-DA03-4E81-B52B-BF99E8221CE3}.Debug|Any CPU.ActiveCfg = Debug|Any CPU
		{DCA2A44C-DA03-4E81-B52B-BF99E8221CE3}.Debug|Any CPU.Build.0 = Debug|Any CPU
		{DCA2A44C-DA03-4E81-B52B-BF99E8221CE3}.Debug|x64.ActiveCfg = Debug|Any CPU
		{DCA2A44C-DA03-4E81-B52B-BF99E8221CE3}.Debug|x64.Build.0 = Debug|Any CPU
		{DCA2A44C-DA03-4E81-B52B-BF99E8221CE3}.Debug|x86.ActiveCfg = Debug|Any CPU
		{DCA2A44C-DA03-4E81-B52B-BF99E8221CE3}.Debug|x86.Build.0 = Debug|Any CPU
		{DCA2A44C-DA03-4E81-B52B-BF99E8221CE3}.Release|Any CPU.ActiveCfg = Release|Any CPU
		{DCA2A44C-DA03-4E81-B52B-BF99E8221CE3}.Release|Any CPU.Build.0 = Release|Any CPU
		{DCA2A44C-DA03-4E81-B52B-BF99E8221CE3}.Release|x64.ActiveCfg = Release|Any CPU
		{DCA2A44C-DA03-4E81-B52B-BF99E8221CE3}.Release|x64.Build.0 = Release|Any CPU
		{DCA2A44C-DA03-4E81-B52B-BF99E8221CE3}.Release|x86.ActiveCfg = Release|Any CPU
		{DCA2A44C-DA03-4E81-B52B-BF99E8221CE3}.Release|x86.Build.0 = Release|Any CPU
		{DCD9C815-314E-4D7B-9425-0FA5C95AFC3E}.Debug|Any CPU.ActiveCfg = Debug|Any CPU
		{DCD9C815-314E-4D7B-9425-0FA5C95AFC3E}.Debug|Any CPU.Build.0 = Debug|Any CPU
		{DCD9C815-314E-4D7B-9425-0FA5C95AFC3E}.Debug|x64.ActiveCfg = Debug|Any CPU
		{DCD9C815-314E-4D7B-9425-0FA5C95AFC3E}.Debug|x64.Build.0 = Debug|Any CPU
		{DCD9C815-314E-4D7B-9425-0FA5C95AFC3E}.Debug|x86.ActiveCfg = Debug|Any CPU
		{DCD9C815-314E-4D7B-9425-0FA5C95AFC3E}.Debug|x86.Build.0 = Debug|Any CPU
		{DCD9C815-314E-4D7B-9425-0FA5C95AFC3E}.Release|Any CPU.ActiveCfg = Release|Any CPU
		{DCD9C815-314E-4D7B-9425-0FA5C95AFC3E}.Release|Any CPU.Build.0 = Release|Any CPU
		{DCD9C815-314E-4D7B-9425-0FA5C95AFC3E}.Release|x64.ActiveCfg = Release|Any CPU
		{DCD9C815-314E-4D7B-9425-0FA5C95AFC3E}.Release|x64.Build.0 = Release|Any CPU
		{DCD9C815-314E-4D7B-9425-0FA5C95AFC3E}.Release|x86.ActiveCfg = Release|Any CPU
		{DCD9C815-314E-4D7B-9425-0FA5C95AFC3E}.Release|x86.Build.0 = Release|Any CPU
		{F6771851-4392-4285-A65F-D19344C26DB5}.Debug|Any CPU.ActiveCfg = Debug|Any CPU
		{F6771851-4392-4285-A65F-D19344C26DB5}.Debug|Any CPU.Build.0 = Debug|Any CPU
		{F6771851-4392-4285-A65F-D19344C26DB5}.Debug|x64.ActiveCfg = Debug|Any CPU
		{F6771851-4392-4285-A65F-D19344C26DB5}.Debug|x64.Build.0 = Debug|Any CPU
		{F6771851-4392-4285-A65F-D19344C26DB5}.Debug|x86.ActiveCfg = Debug|Any CPU
		{F6771851-4392-4285-A65F-D19344C26DB5}.Debug|x86.Build.0 = Debug|Any CPU
		{F6771851-4392-4285-A65F-D19344C26DB5}.Release|Any CPU.ActiveCfg = Release|Any CPU
		{F6771851-4392-4285-A65F-D19344C26DB5}.Release|Any CPU.Build.0 = Release|Any CPU
		{F6771851-4392-4285-A65F-D19344C26DB5}.Release|x64.ActiveCfg = Release|Any CPU
		{F6771851-4392-4285-A65F-D19344C26DB5}.Release|x64.Build.0 = Release|Any CPU
		{F6771851-4392-4285-A65F-D19344C26DB5}.Release|x86.ActiveCfg = Release|Any CPU
		{F6771851-4392-4285-A65F-D19344C26DB5}.Release|x86.Build.0 = Release|Any CPU
		{867A0F0F-B280-48EA-B5D2-53C7E808196E}.Debug|Any CPU.ActiveCfg = Debug|Any CPU
		{867A0F0F-B280-48EA-B5D2-53C7E808196E}.Debug|Any CPU.Build.0 = Debug|Any CPU
		{867A0F0F-B280-48EA-B5D2-53C7E808196E}.Debug|x64.ActiveCfg = Debug|Any CPU
		{867A0F0F-B280-48EA-B5D2-53C7E808196E}.Debug|x64.Build.0 = Debug|Any CPU
		{867A0F0F-B280-48EA-B5D2-53C7E808196E}.Debug|x86.ActiveCfg = Debug|Any CPU
		{867A0F0F-B280-48EA-B5D2-53C7E808196E}.Debug|x86.Build.0 = Debug|Any CPU
		{867A0F0F-B280-48EA-B5D2-53C7E808196E}.Release|Any CPU.ActiveCfg = Release|Any CPU
		{867A0F0F-B280-48EA-B5D2-53C7E808196E}.Release|Any CPU.Build.0 = Release|Any CPU
		{867A0F0F-B280-48EA-B5D2-53C7E808196E}.Release|x64.ActiveCfg = Release|Any CPU
		{867A0F0F-B280-48EA-B5D2-53C7E808196E}.Release|x64.Build.0 = Release|Any CPU
		{867A0F0F-B280-48EA-B5D2-53C7E808196E}.Release|x86.ActiveCfg = Release|Any CPU
		{867A0F0F-B280-48EA-B5D2-53C7E808196E}.Release|x86.Build.0 = Release|Any CPU
		{8D26F25B-6840-4F21-B18C-B9D649E37ED2}.Debug|Any CPU.ActiveCfg = Debug|Any CPU
		{8D26F25B-6840-4F21-B18C-B9D649E37ED2}.Debug|Any CPU.Build.0 = Debug|Any CPU
		{8D26F25B-6840-4F21-B18C-B9D649E37ED2}.Debug|x64.ActiveCfg = Debug|Any CPU
		{8D26F25B-6840-4F21-B18C-B9D649E37ED2}.Debug|x64.Build.0 = Debug|Any CPU
		{8D26F25B-6840-4F21-B18C-B9D649E37ED2}.Debug|x86.ActiveCfg = Debug|Any CPU
		{8D26F25B-6840-4F21-B18C-B9D649E37ED2}.Debug|x86.Build.0 = Debug|Any CPU
		{8D26F25B-6840-4F21-B18C-B9D649E37ED2}.Release|Any CPU.ActiveCfg = Release|Any CPU
		{8D26F25B-6840-4F21-B18C-B9D649E37ED2}.Release|Any CPU.Build.0 = Release|Any CPU
		{8D26F25B-6840-4F21-B18C-B9D649E37ED2}.Release|x64.ActiveCfg = Release|Any CPU
		{8D26F25B-6840-4F21-B18C-B9D649E37ED2}.Release|x64.Build.0 = Release|Any CPU
		{8D26F25B-6840-4F21-B18C-B9D649E37ED2}.Release|x86.ActiveCfg = Release|Any CPU
		{8D26F25B-6840-4F21-B18C-B9D649E37ED2}.Release|x86.Build.0 = Release|Any CPU
		{6735CEE5-FEE5-4161-A7D7-B5FCF4BAF65C}.Debug|Any CPU.ActiveCfg = Debug|Any CPU
		{6735CEE5-FEE5-4161-A7D7-B5FCF4BAF65C}.Debug|Any CPU.Build.0 = Debug|Any CPU
		{6735CEE5-FEE5-4161-A7D7-B5FCF4BAF65C}.Debug|x64.ActiveCfg = Debug|Any CPU
		{6735CEE5-FEE5-4161-A7D7-B5FCF4BAF65C}.Debug|x64.Build.0 = Debug|Any CPU
		{6735CEE5-FEE5-4161-A7D7-B5FCF4BAF65C}.Debug|x86.ActiveCfg = Debug|Any CPU
		{6735CEE5-FEE5-4161-A7D7-B5FCF4BAF65C}.Debug|x86.Build.0 = Debug|Any CPU
		{6735CEE5-FEE5-4161-A7D7-B5FCF4BAF65C}.Release|Any CPU.ActiveCfg = Release|Any CPU
		{6735CEE5-FEE5-4161-A7D7-B5FCF4BAF65C}.Release|Any CPU.Build.0 = Release|Any CPU
		{6735CEE5-FEE5-4161-A7D7-B5FCF4BAF65C}.Release|x64.ActiveCfg = Release|Any CPU
		{6735CEE5-FEE5-4161-A7D7-B5FCF4BAF65C}.Release|x64.Build.0 = Release|Any CPU
		{6735CEE5-FEE5-4161-A7D7-B5FCF4BAF65C}.Release|x86.ActiveCfg = Release|Any CPU
		{6735CEE5-FEE5-4161-A7D7-B5FCF4BAF65C}.Release|x86.Build.0 = Release|Any CPU
		{7AAC2C71-6709-48C9-8C58-FCEA9555FF4E}.Debug|Any CPU.ActiveCfg = Debug|Any CPU
		{7AAC2C71-6709-48C9-8C58-FCEA9555FF4E}.Debug|Any CPU.Build.0 = Debug|Any CPU
		{7AAC2C71-6709-48C9-8C58-FCEA9555FF4E}.Debug|x64.ActiveCfg = Debug|Any CPU
		{7AAC2C71-6709-48C9-8C58-FCEA9555FF4E}.Debug|x64.Build.0 = Debug|Any CPU
		{7AAC2C71-6709-48C9-8C58-FCEA9555FF4E}.Debug|x86.ActiveCfg = Debug|Any CPU
		{7AAC2C71-6709-48C9-8C58-FCEA9555FF4E}.Debug|x86.Build.0 = Debug|Any CPU
		{7AAC2C71-6709-48C9-8C58-FCEA9555FF4E}.Release|Any CPU.ActiveCfg = Release|Any CPU
		{7AAC2C71-6709-48C9-8C58-FCEA9555FF4E}.Release|Any CPU.Build.0 = Release|Any CPU
		{7AAC2C71-6709-48C9-8C58-FCEA9555FF4E}.Release|x64.ActiveCfg = Release|Any CPU
		{7AAC2C71-6709-48C9-8C58-FCEA9555FF4E}.Release|x64.Build.0 = Release|Any CPU
		{7AAC2C71-6709-48C9-8C58-FCEA9555FF4E}.Release|x86.ActiveCfg = Release|Any CPU
		{7AAC2C71-6709-48C9-8C58-FCEA9555FF4E}.Release|x86.Build.0 = Release|Any CPU
		{5F4B9824-929E-4E62-91D9-21F035EA1C15}.Debug|Any CPU.ActiveCfg = Debug|Any CPU
		{5F4B9824-929E-4E62-91D9-21F035EA1C15}.Debug|Any CPU.Build.0 = Debug|Any CPU
		{5F4B9824-929E-4E62-91D9-21F035EA1C15}.Debug|x64.ActiveCfg = Debug|Any CPU
		{5F4B9824-929E-4E62-91D9-21F035EA1C15}.Debug|x64.Build.0 = Debug|Any CPU
		{5F4B9824-929E-4E62-91D9-21F035EA1C15}.Debug|x86.ActiveCfg = Debug|Any CPU
		{5F4B9824-929E-4E62-91D9-21F035EA1C15}.Debug|x86.Build.0 = Debug|Any CPU
		{5F4B9824-929E-4E62-91D9-21F035EA1C15}.Release|Any CPU.ActiveCfg = Release|Any CPU
		{5F4B9824-929E-4E62-91D9-21F035EA1C15}.Release|Any CPU.Build.0 = Release|Any CPU
		{5F4B9824-929E-4E62-91D9-21F035EA1C15}.Release|x64.ActiveCfg = Release|Any CPU
		{5F4B9824-929E-4E62-91D9-21F035EA1C15}.Release|x64.Build.0 = Release|Any CPU
		{5F4B9824-929E-4E62-91D9-21F035EA1C15}.Release|x86.ActiveCfg = Release|Any CPU
		{5F4B9824-929E-4E62-91D9-21F035EA1C15}.Release|x86.Build.0 = Release|Any CPU
	EndGlobalSection
	GlobalSection(SolutionProperties) = preSolution
		HideSolutionNode = FALSE
	EndGlobalSection
	GlobalSection(NestedProjects) = preSolution
		{71E29B1D-265A-466D-8A5F-B91AADD9B13F} = {5507CFF8-7791-4C42-B427-2B7C719D0C96}
		{31BFF571-33AE-4E0E-9EAC-0A61D77FDAF8} = {5507CFF8-7791-4C42-B427-2B7C719D0C96}
		{00BE10FF-B2E8-479E-B127-E4E25CDD1EB3} = {5507CFF8-7791-4C42-B427-2B7C719D0C96}
		{DCA2A44C-DA03-4E81-B52B-BF99E8221CE3} = {71E29B1D-265A-466D-8A5F-B91AADD9B13F}
		{DCD9C815-314E-4D7B-9425-0FA5C95AFC3E} = {71E29B1D-265A-466D-8A5F-B91AADD9B13F}
		{F6771851-4392-4285-A65F-D19344C26DB5} = {71E29B1D-265A-466D-8A5F-B91AADD9B13F}
		{867A0F0F-B280-48EA-B5D2-53C7E808196E} = {71E29B1D-265A-466D-8A5F-B91AADD9B13F}
		{8D26F25B-6840-4F21-B18C-B9D649E37ED2} = {31BFF571-33AE-4E0E-9EAC-0A61D77FDAF8}
		{6735CEE5-FEE5-4161-A7D7-B5FCF4BAF65C} = {00BE10FF-B2E8-479E-B127-E4E25CDD1EB3}
		{7AAC2C71-6709-48C9-8C58-FCEA9555FF4E} = {00BE10FF-B2E8-479E-B127-E4E25CDD1EB3}
		{5F4B9824-929E-4E62-91D9-21F035EA1C15} = {BE976D44-3CBF-4EBA-A5B3-E0BF302BD45C}
	EndGlobalSection
	GlobalSection(ExtensibilityGlobals) = postSolution
		SolutionGuid = {859F73D2-3566-4C4B-ACD7-C562A0409B75}
	EndGlobalSection
EndGlobal
